
Microsoft Visual Studio Solution File, Format Version 12.00
# Visual Studio Version 17
VisualStudioVersion = 17.7.34031.279
MinimumVisualStudioVersion = 10.0.40219.1
Project("{FAE04EC0-301F-11D3-BF4B-00C04F79EFBC}") = "StudentGradeApplication", "StudentGradeApplication\StudentGradeApplication.csproj", "{AAE76AFC-817C-4902-84D7-43B24102582B}"
EndProject
Global
	GlobalSection(SolutionConfigurationPlatforms) = preSolution
		Debug|Any CPU = Debug|Any CPU
		Release|Any CPU = Release|Any CPU
	EndGlobalSection
	GlobalSection(ProjectConfigurationPlatforms) = postSolution
		{AAE76AFC-817C-4902-84D7-43B24102582B}.Debug|Any CPU.ActiveCfg = Debug|Any CPU
		{AAE76AFC-817C-4902-84D7-43B24102582B}.Debug|Any CPU.Build.0 = Debug|Any CPU
		{AAE76AFC-817C-4902-84D7-43B24102582B}.Release|Any CPU.ActiveCfg = Release|Any CPU
		{AAE76AFC-817C-4902-84D7-43B24102582B}.Release|Any CPU.Build.0 = Release|Any CPU
	EndGlobalSection
	GlobalSection(SolutionProperties) = preSolution
		HideSolutionNode = FALSE
	EndGlobalSection
	GlobalSection(ExtensibilityGlobals) = postSolution
		SolutionGuid = {FFD08368-EF84-4BE1-9D6B-B74F9E66F261}
	EndGlobalSection
EndGlobal
